
Microsoft Visual Studio Solution File, Format Version 12.00
# Visual Studio 15
VisualStudioVersion = 15.0.28307.1062
MinimumVisualStudioVersion = 10.0.40219.1
Project("{FAE04EC0-301F-11D3-BF4B-00C04F79EFBC}") = "Game", "Game\Game.csproj", "{FF81731A-AD23-4D53-A881-71C9574E3EFB}"
EndProject
Global
	GlobalSection(SolutionConfigurationPlatforms) = preSolution
		Debug|Any CPU = Debug|Any CPU
		Release|Any CPU = Release|Any CPU
	EndGlobalSection
	GlobalSection(ProjectConfigurationPlatforms) = postSolution
		{FF81731A-AD23-4D53-A881-71C9574E3EFB}.Debug|Any CPU.ActiveCfg = Debug|Any CPU
		{FF81731A-AD23-4D53-A881-71C9574E3EFB}.Debug|Any CPU.Build.0 = Debug|Any CPU
		{FF81731A-AD23-4D53-A881-71C9574E3EFB}.Release|Any CPU.ActiveCfg = Release|Any CPU
		{FF81731A-AD23-4D53-A881-71C9574E3EFB}.Release|Any CPU.Build.0 = Release|Any CPU
	EndGlobalSection
	GlobalSection(SolutionProperties) = preSolution
		HideSolutionNode = FALSE
	EndGlobalSection
	GlobalSection(ExtensibilityGlobals) = postSolution
		SolutionGuid = {D36D789E-EAB6-4AC7-B4A8-9EEF7A1D6B50}
	EndGlobalSection
EndGlobal
